
Microsoft Visual Studio Solution File, Format Version 12.00
# Visual Studio Version 16
VisualStudioVersion = 16.0.30907.101
MinimumVisualStudioVersion = 10.0.40219.1
Project("{9A19103F-16F7-4668-BE54-9A1E7A4F7556}") = "WebAPIZoologico", "WebAPIZoologico\WebAPIZoologico.csproj", "{8CA08F27-07EA-4540-A727-81B4A30289D9}"
EndProject
Project("{FAE04EC0-301F-11D3-BF4B-00C04F79EFBC}") = "Tests", "Tests\Tests.csproj", "{E5D71BDC-0CC4-4F2C-A0BA-43060E845FBF}"
EndProject
Global
	GlobalSection(SolutionConfigurationPlatforms) = preSolution
		Debug|Any CPU = Debug|Any CPU
		Release|Any CPU = Release|Any CPU
	EndGlobalSection
	GlobalSection(ProjectConfigurationPlatforms) = postSolution
		{8CA08F27-07EA-4540-A727-81B4A30289D9}.Debug|Any CPU.ActiveCfg = Debug|Any CPU
		{8CA08F27-07EA-4540-A727-81B4A30289D9}.Debug|Any CPU.Build.0 = Debug|Any CPU
		{8CA08F27-07EA-4540-A727-81B4A30289D9}.Release|Any CPU.ActiveCfg = Release|Any CPU
		{8CA08F27-07EA-4540-A727-81B4A30289D9}.Release|Any CPU.Build.0 = Release|Any CPU
		{E5D71BDC-0CC4-4F2C-A0BA-43060E845FBF}.Debug|Any CPU.ActiveCfg = Debug|Any CPU
		{E5D71BDC-0CC4-4F2C-A0BA-43060E845FBF}.Debug|Any CPU.Build.0 = Debug|Any CPU
		{E5D71BDC-0CC4-4F2C-A0BA-43060E845FBF}.Release|Any CPU.ActiveCfg = Release|Any CPU
		{E5D71BDC-0CC4-4F2C-A0BA-43060E845FBF}.Release|Any CPU.Build.0 = Release|Any CPU
	EndGlobalSection
	GlobalSection(SolutionProperties) = preSolution
		HideSolutionNode = FALSE
	EndGlobalSection
	GlobalSection(ExtensibilityGlobals) = postSolution
		SolutionGuid = {3F42DE49-A011-47DF-8357-934AFFCA9691}
	EndGlobalSection
EndGlobal
